
Microsoft Visual Studio Solution File, Format Version 12.00
# Visual Studio Version 16
VisualStudioVersion = 16.0.30114.105
MinimumVisualStudioVersion = 10.0.40219.1
Project("{FAE04EC0-301F-11D3-BF4B-00C04F79EFBC}") = "AliBookStore", "AliBookStore\AliBookStore.csproj", "{D269B579-DA3A-4FFE-8A32-4E416D5BB6C3}"
EndProject
Global
	GlobalSection(SolutionConfigurationPlatforms) = preSolution
		Debug|Any CPU = Debug|Any CPU
		Release|Any CPU = Release|Any CPU
	EndGlobalSection
	GlobalSection(ProjectConfigurationPlatforms) = postSolution
		{D269B579-DA3A-4FFE-8A32-4E416D5BB6C3}.Debug|Any CPU.ActiveCfg = Debug|Any CPU
		{D269B579-DA3A-4FFE-8A32-4E416D5BB6C3}.Debug|Any CPU.Build.0 = Debug|Any CPU
		{D269B579-DA3A-4FFE-8A32-4E416D5BB6C3}.Release|Any CPU.ActiveCfg = Release|Any CPU
		{D269B579-DA3A-4FFE-8A32-4E416D5BB6C3}.Release|Any CPU.Build.0 = Release|Any CPU
	EndGlobalSection
	GlobalSection(SolutionProperties) = preSolution
		HideSolutionNode = FALSE
	EndGlobalSection
	GlobalSection(ExtensibilityGlobals) = postSolution
		SolutionGuid = {43F72A0B-285F-4FB2-96D1-D054FEFF5A89}
	EndGlobalSection
EndGlobal
